
Microsoft Visual Studio Solution File, Format Version 12.00
# Visual Studio 2012
Project("{F184B08F-C81C-45F6-A57F-5ABD9991F28F}") = "text2data", "text2data.vbproj", "{7B941E62-F25C-40FB-B103-E835C924E682}"
EndProject
Global
	GlobalSection(SolutionConfigurationPlatforms) = preSolution
		Debug|Any CPU = Debug|Any CPU
		Release|Any CPU = Release|Any CPU
	EndGlobalSection
	GlobalSection(ProjectConfigurationPlatforms) = postSolution
		{7B941E62-F25C-40FB-B103-E835C924E682}.Debug|Any CPU.ActiveCfg = Debug|Any CPU
		{7B941E62-F25C-40FB-B103-E835C924E682}.Debug|Any CPU.Build.0 = Debug|Any CPU
		{7B941E62-F25C-40FB-B103-E835C924E682}.Release|Any CPU.ActiveCfg = Release|Any CPU
		{7B941E62-F25C-40FB-B103-E835C924E682}.Release|Any CPU.Build.0 = Release|Any CPU
	EndGlobalSection
	GlobalSection(SolutionProperties) = preSolution
		HideSolutionNode = FALSE
	EndGlobalSection
EndGlobal
